// !$*UTF8*$!
{
	archiveVersion = 1;
	classes = {
	};
	objectVersion = 56;
	objects = {

/* Begin PBXBuildFile section */
		3407D0562B7C8B9900E9FF63 /* Alamofire in Frameworks */ = {isa = PBXBuildFile; productRef = 3407D0552B7C8B9900E9FF63 /* Alamofire */; };
		3491BBA62B7BBA5E00FAC84D /* Sonchv2App.swift in Sources */ = {isa = PBXBuildFile; fileRef = 3491BBA52B7BBA5E00FAC84D /* Sonchv2App.swift */; };
		3491BBA82B7BBA5E00FAC84D /* ContentView.swift in Sources */ = {isa = PBXBuildFile; fileRef = 3491BBA72B7BBA5E00FAC84D /* ContentView.swift */; };
		3491BBAA2B7BBA6000FAC84D /* Assets.xcassets in Resources */ = {isa = PBXBuildFile; fileRef = 3491BBA92B7BBA6000FAC84D /* Assets.xcassets */; };
		3491BBAE2B7BBA6000FAC84D /* Preview Assets.xcassets in Resources */ = {isa = PBXBuildFile; fileRef = 3491BBAD2B7BBA6000FAC84D /* Preview Assets.xcassets */; };
		3491BBB82B7BBA6000FAC84D /* Sonchv2Tests.swift in Sources */ = {isa = PBXBuildFile; fileRef = 3491BBB72B7BBA6000FAC84D /* Sonchv2Tests.swift */; };
		3491BBC22B7BBA6000FAC84D /* Sonchv2UITests.swift in Sources */ = {isa = PBXBuildFile; fileRef = 3491BBC12B7BBA6000FAC84D /* Sonchv2UITests.swift */; };
		3491BBC42B7BBA6000FAC84D /* Sonchv2UITestsLaunchTests.swift in Sources */ = {isa = PBXBuildFile; fileRef = 3491BBC32B7BBA6000FAC84D /* Sonchv2UITestsLaunchTests.swift */; };
		3491BBD22B7BBB4500FAC84D /* Inject in Frameworks */ = {isa = PBXBuildFile; productRef = 3491BBD12B7BBB4500FAC84D /* Inject */; };
/* End PBXBuildFile section */

/* Begin PBXContainerItemProxy section */
		3491BBB42B7BBA6000FAC84D /* PBXContainerItemProxy */ = {
			isa = PBXContainerItemProxy;
			containerPortal = 3491BB9A2B7BBA5E00FAC84D /* Project object */;
			proxyType = 1;
			remoteGlobalIDString = 3491BBA12B7BBA5E00FAC84D;
			remoteInfo = Sonchv2;
		};
		3491BBBE2B7BBA6000FAC84D /* PBXContainerItemProxy */ = {
			isa = PBXContainerItemProxy;
			containerPortal = 3491BB9A2B7BBA5E00FAC84D /* Project object */;
			proxyType = 1;
			remoteGlobalIDString = 3491BBA12B7BBA5E00FAC84D;
			remoteInfo = Sonchv2;
		};
/* End PBXContainerItemProxy section */

/* Begin PBXFileReference section */
		3491BBA22B7BBA5E00FAC84D /* Sonchv2.app */ = {isa = PBXFileReference; explicitFileType = wrapper.application; includeInIndex = 0; path = Sonchv2.app; sourceTree = BUILT_PRODUCTS_DIR; };
		3491BBA52B7BBA5E00FAC84D /* Sonchv2App.swift */ = {isa = PBXFileReference; lastKnownFileType = sourcecode.swift; path = Sonchv2App.swift; sourceTree = "<group>"; };
		3491BBA72B7BBA5E00FAC84D /* ContentView.swift */ = {isa = PBXFileReference; lastKnownFileType = sourcecode.swift; path = ContentView.swift; sourceTree = "<group>"; };
		3491BBA92B7BBA6000FAC84D /* Assets.xcassets */ = {isa = PBXFileReference; lastKnownFileType = folder.assetcatalog; path = Assets.xcassets; sourceTree = "<group>"; };
		3491BBAB2B7BBA6000FAC84D /* Sonchv2.entitlements */ = {isa = PBXFileReference; lastKnownFileType = text.plist.entitlements; path = Sonchv2.entitlements; sourceTree = "<group>"; };
		3491BBAD2B7BBA6000FAC84D /* Preview Assets.xcassets */ = {isa = PBXFileReference; lastKnownFileType = folder.assetcatalog; path = "Preview Assets.xcassets"; sourceTree = "<group>"; };
		3491BBB32B7BBA6000FAC84D /* Sonchv2Tests.xctest */ = {isa = PBXFileReference; explicitFileType = wrapper.cfbundle; includeInIndex = 0; path = Sonchv2Tests.xctest; sourceTree = BUILT_PRODUCTS_DIR; };
		3491BBB72B7BBA6000FAC84D /* Sonchv2Tests.swift */ = {isa = PBXFileReference; lastKnownFileType = sourcecode.swift; path = Sonchv2Tests.swift; sourceTree = "<group>"; };
		3491BBBD2B7BBA6000FAC84D /* Sonchv2UITests.xctest */ = {isa = PBXFileReference; explicitFileType = wrapper.cfbundle; includeInIndex = 0; path = Sonchv2UITests.xctest; sourceTree = BUILT_PRODUCTS_DIR; };
		3491BBC12B7BBA6000FAC84D /* Sonchv2UITests.swift */ = {isa = PBXFileReference; lastKnownFileType = sourcecode.swift; path = Sonchv2UITests.swift; sourceTree = "<group>"; };
		3491BBC32B7BBA6000FAC84D /* Sonchv2UITestsLaunchTests.swift */ = {isa = PBXFileReference; lastKnownFileType = sourcecode.swift; path = Sonchv2UITestsLaunchTests.swift; sourceTree = "<group>"; };
/* End PBXFileReference section */

/* Begin PBXFrameworksBuildPhase section */
		3491BB9F2B7BBA5E00FAC84D /* Frameworks */ = {
			isa = PBXFrameworksBuildPhase;
			buildActionMask = 2147483647;
			files = (
				3491BBD22B7BBB4500FAC84D /* Inject in Frameworks */,
				3407D0562B7C8B9900E9FF63 /* Alamofire in Frameworks */,
			);
			runOnlyForDeploymentPostprocessing = 0;
		};
		3491BBB02B7BBA6000FAC84D /* Frameworks */ = {
			isa = PBXFrameworksBuildPhase;
			buildActionMask = 2147483647;
			files = (
			);
			runOnlyForDeploymentPostprocessing = 0;
		};
		3491BBBA2B7BBA6000FAC84D /* Frameworks */ = {
			isa = PBXFrameworksBuildPhase;
			buildActionMask = 2147483647;
			files = (
			);
			runOnlyForDeploymentPostprocessing = 0;
		};
/* End PBXFrameworksBuildPhase section */

/* Begin PBXGroup section */
		3491BB992B7BBA5E00FAC84D = {
			isa = PBXGroup;
			children = (
				3491BBA42B7BBA5E00FAC84D /* Sonchv2 */,
				3491BBB62B7BBA6000FAC84D /* Sonchv2Tests */,
				3491BBC02B7BBA6000FAC84D /* Sonchv2UITests */,
				3491BBA32B7BBA5E00FAC84D /* Products */,
			);
			sourceTree = "<group>";
		};
		3491BBA32B7BBA5E00FAC84D /* Products */ = {
			isa = PBXGroup;
			children = (
				3491BBA22B7BBA5E00FAC84D /* Sonchv2.app */,
				3491BBB32B7BBA6000FAC84D /* Sonchv2Tests.xctest */,
				3491BBBD2B7BBA6000FAC84D /* Sonchv2UITests.xctest */,
			);
			name = Products;
			sourceTree = "<group>";
		};
		3491BBA42B7BBA5E00FAC84D /* Sonchv2 */ = {
			isa = PBXGroup;
			children = (
				3491BBA52B7BBA5E00FAC84D /* Sonchv2App.swift */,
				3491BBA72B7BBA5E00FAC84D /* ContentView.swift */,
				3491BBA92B7BBA6000FAC84D /* Assets.xcassets */,
				3491BBAB2B7BBA6000FAC84D /* Sonchv2.entitlements */,
				3491BBAC2B7BBA6000FAC84D /* Preview Content */,
			);
			path = Sonchv2;
			sourceTree = "<group>";
		};
		3491BBAC2B7BBA6000FAC84D /* Preview Content */ = {
			isa = PBXGroup;
			children = (
				3491BBAD2B7BBA6000FAC84D /* Preview Assets.xcassets */,
			);
			path = "Preview Content";
			sourceTree = "<group>";
		};
		3491BBB62B7BBA6000FAC84D /* Sonchv2Tests */ = {
			isa = PBXGroup;
			children = (
				3491BBB72B7BBA6000FAC84D /* Sonchv2Tests.swift */,
			);
			path = Sonchv2Tests;
			sourceTree = "<group>";
		};
		3491BBC02B7BBA6000FAC84D /* Sonchv2UITests */ = {
			isa = PBXGroup;
			children = (
				3491BBC12B7BBA6000FAC84D /* Sonchv2UITests.swift */,
				3491BBC32B7BBA6000FAC84D /* Sonchv2UITestsLaunchTests.swift */,
			);
			path = Sonchv2UITests;
			sourceTree = "<group>";
		};
/* End PBXGroup section */

/* Begin PBXNativeTarget section */
		3491BBA12B7BBA5E00FAC84D /* Sonchv2 */ = {
			isa = PBXNativeTarget;
			buildConfigurationList = 3491BBC72B7BBA6000FAC84D /* Build configuration list for PBXNativeTarget "Sonchv2" */;
			buildPhases = (
				3491BB9E2B7BBA5E00FAC84D /* Sources */,
				3491BB9F2B7BBA5E00FAC84D /* Frameworks */,
				3491BBA02B7BBA5E00FAC84D /* Resources */,
			);
			buildRules = (
			);
			dependencies = (
			);
			name = Sonchv2;
			packageProductDependencies = (
				3491BBD12B7BBB4500FAC84D /* Inject */,
				3407D0552B7C8B9900E9FF63 /* Alamofire */,
			);
			productName = Sonchv2;
			productReference = 3491BBA22B7BBA5E00FAC84D /* Sonchv2.app */;
			productType = "com.apple.product-type.application";
		};
		3491BBB22B7BBA6000FAC84D /* Sonchv2Tests */ = {
			isa = PBXNativeTarget;
			buildConfigurationList = 3491BBCA2B7BBA6000FAC84D /* Build configuration list for PBXNativeTarget "Sonchv2Tests" */;
			buildPhases = (
				3491BBAF2B7BBA6000FAC84D /* Sources */,
				3491BBB02B7BBA6000FAC84D /* Frameworks */,
				3491BBB12B7BBA6000FAC84D /* Resources */,
			);
			buildRules = (
			);
			dependencies = (
				3491BBB52B7BBA6000FAC84D /* PBXTargetDependency */,
			);
			name = Sonchv2Tests;
			productName = Sonchv2Tests;
			productReference = 3491BBB32B7BBA6000FAC84D /* Sonchv2Tests.xctest */;
			productType = "com.apple.product-type.bundle.unit-test";
		};
		3491BBBC2B7BBA6000FAC84D /* Sonchv2UITests */ = {
			isa = PBXNativeTarget;
			buildConfigurationList = 3491BBCD2B7BBA6000FAC84D /* Build configuration list for PBXNativeTarget "Sonchv2UITests" */;
			buildPhases = (
				3491BBB92B7BBA6000FAC84D /* Sources */,
				3491BBBA2B7BBA6000FAC84D /* Frameworks */,
				3491BBBB2B7BBA6000FAC84D /* Resources */,
			);
			buildRules = (
			);
			dependencies = (
				3491BBBF2B7BBA6000FAC84D /* PBXTargetDependency */,
			);
			name = Sonchv2UITests;
			productName = Sonchv2UITests;
			productReference = 3491BBBD2B7BBA6000FAC84D /* Sonchv2UITests.xctest */;
			productType = "com.apple.product-type.bundle.ui-testing";
		};
/* End PBXNativeTarget section */

/* Begin PBXProject section */
		3491BB9A2B7BBA5E00FAC84D /* Project object */ = {
			isa = PBXProject;
			attributes = {
				BuildIndependentTargetsInParallel = 1;
				LastSwiftUpdateCheck = 1520;
				LastUpgradeCheck = 1520;
				TargetAttributes = {
					3491BBA12B7BBA5E00FAC84D = {
						CreatedOnToolsVersion = 15.2;
					};
					3491BBB22B7BBA6000FAC84D = {
						CreatedOnToolsVersion = 15.2;
						TestTargetID = 3491BBA12B7BBA5E00FAC84D;
					};
					3491BBBC2B7BBA6000FAC84D = {
						CreatedOnToolsVersion = 15.2;
						TestTargetID = 3491BBA12B7BBA5E00FAC84D;
					};
				};
			};
			buildConfigurationList = 3491BB9D2B7BBA5E00FAC84D /* Build configuration list for PBXProject "Sonchv2" */;
			compatibilityVersion = "Xcode 14.0";
			developmentRegion = en;
			hasScannedForEncodings = 0;
			knownRegions = (
				en,
				Base,
			);
			mainGroup = 3491BB992B7BBA5E00FAC84D;
			packageReferences = (
				3491BBD02B7BBB4400FAC84D /* XCRemoteSwiftPackageReference "Inject" */,
				3407D0542B7C8B9900E9FF63 /* XCRemoteSwiftPackageReference "Alamofire" */,
			);
			productRefGroup = 3491BBA32B7BBA5E00FAC84D /* Products */;
			projectDirPath = "";
			projectRoot = "";
			targets = (
				3491BBA12B7BBA5E00FAC84D /* Sonchv2 */,
				3491BBB22B7BBA6000FAC84D /* Sonchv2Tests */,
				3491BBBC2B7BBA6000FAC84D /* Sonchv2UITests */,
			);
		};
/* End PBXProject section */

/* Begin PBXResourcesBuildPhase section */
		3491BBA02B7BBA5E00FAC84D /* Resources */ = {
			isa = PBXResourcesBuildPhase;
			buildActionMask = 2147483647;
			files = (
				3491BBAE2B7BBA6000FAC84D /* Preview Assets.xcassets in Resources */,
				3491BBAA2B7BBA6000FAC84D /* Assets.xcassets in Resources */,
			);
			runOnlyForDeploymentPostprocessing = 0;
		};
		3491BBB12B7BBA6000FAC84D /* Resources */ = {
			isa = PBXResourcesBuildPhase;
			buildActionMask = 2147483647;
			files = (
			);
			runOnlyForDeploymentPostprocessing = 0;
		};
		3491BBBB2B7BBA6000FAC84D /* Resources */ = {
			isa = PBXResourcesBuildPhase;
			buildActionMask = 2147483647;
			files = (
			);
			runOnlyForDeploymentPostprocessing = 0;
		};
/* End PBXResourcesBuildPhase section */

/* Begin PBXSourcesBuildPhase section */
		3491BB9E2B7BBA5E00FAC84D /* Sources */ = {
			isa = PBXSourcesBuildPhase;
			buildActionMask = 2147483647;
			files = (
				3491BBA82B7BBA5E00FAC84D /* ContentView.swift in Sources */,
				3491BBA62B7BBA5E00FAC84D /* Sonchv2App.swift in Sources */,
			);
			runOnlyForDeploymentPostprocessing = 0;
		};
		3491BBAF2B7BBA6000FAC84D /* Sources */ = {
			isa = PBXSourcesBuildPhase;
			buildActionMask = 2147483647;
			files = (
				3491BBB82B7BBA6000FAC84D /* Sonchv2Tests.swift in Sources */,
			);
			runOnlyForDeploymentPostprocessing = 0;
		};
		3491BBB92B7BBA6000FAC84D /* Sources */ = {
			isa = PBXSourcesBuildPhase;
			buildActionMask = 2147483647;
			files = (
				3491BBC42B7BBA6000FAC84D /* Sonchv2UITestsLaunchTests.swift in Sources */,
				3491BBC22B7BBA6000FAC84D /* Sonchv2UITests.swift in Sources */,
			);
			runOnlyForDeploymentPostprocessing = 0;
		};
/* End PBXSourcesBuildPhase section */

/* Begin PBXTargetDependency section */
		3491BBB52B7BBA6000FAC84D /* PBXTargetDependency */ = {
			isa = PBXTargetDependency;
			target = 3491BBA12B7BBA5E00FAC84D /* Sonchv2 */;
			targetProxy = 3491BBB42B7BBA6000FAC84D /* PBXContainerItemProxy */;
		};
		3491BBBF2B7BBA6000FAC84D /* PBXTargetDependency */ = {
			isa = PBXTargetDependency;
			target = 3491BBA12B7BBA5E00FAC84D /* Sonchv2 */;
			targetProxy = 3491BBBE2B7BBA6000FAC84D /* PBXContainerItemProxy */;
		};
/* End PBXTargetDependency section */

/* Begin XCBuildConfiguration section */
		3491BBC52B7BBA6000FAC84D /* Debug */ = {
			isa = XCBuildConfiguration;
			buildSettings = {
				ALWAYS_SEARCH_USER_PATHS = NO;
				ASSETCATALOG_COMPILER_GENERATE_SWIFT_ASSET_SYMBOL_EXTENSIONS = YES;
				CLANG_ANALYZER_NONNULL = YES;
				CLANG_ANALYZER_NUMBER_OBJECT_CONVERSION = YES_AGGRESSIVE;
				CLANG_CXX_LANGUAGE_STANDARD = "gnu++20";
				CLANG_ENABLE_MODULES = YES;
				CLANG_ENABLE_OBJC_ARC = YES;
				CLANG_ENABLE_OBJC_WEAK = YES;
				CLANG_WARN_BLOCK_CAPTURE_AUTORELEASING = YES;
				CLANG_WARN_BOOL_CONVERSION = YES;
				CLANG_WARN_COMMA = YES;
				CLANG_WARN_CONSTANT_CONVERSION = YES;
				CLANG_WARN_DEPRECATED_OBJC_IMPLEMENTATIONS = YES;
				CLANG_WARN_DIRECT_OBJC_ISA_USAGE = YES_ERROR;
				CLANG_WARN_DOCUMENTATION_COMMENTS = YES;
				CLANG_WARN_EMPTY_BODY = YES;
				CLANG_WARN_ENUM_CONVERSION = YES;
				CLANG_WARN_INFINITE_RECURSION = YES;
				CLANG_WARN_INT_CONVERSION = YES;
				CLANG_WARN_NON_LITERAL_NULL_CONVERSION = YES;
				CLANG_WARN_OBJC_IMPLICIT_RETAIN_SELF = YES;
				CLANG_WARN_OBJC_LITERAL_CONVERSION = YES;
				CLANG_WARN_OBJC_ROOT_CLASS = YES_ERROR;
				CLANG_WARN_QUOTED_INCLUDE_IN_FRAMEWORK_HEADER = YES;
				CLANG_WARN_RANGE_LOOP_ANALYSIS = YES;
				CLANG_WARN_STRICT_PROTOTYPES = YES;
				CLANG_WARN_SUSPICIOUS_MOVE = YES;
				CLANG_WARN_UNGUARDED_AVAILABILITY = YES_AGGRESSIVE;
				CLANG_WARN_UNREACHABLE_CODE = YES;
				CLANG_WARN__DUPLICATE_METHOD_MATCH = YES;
				COPY_PHASE_STRIP = NO;
				DEBUG_INFORMATION_FORMAT = dwarf;
				ENABLE_STRICT_OBJC_MSGSEND = YES;
				ENABLE_TESTABILITY = YES;
				ENABLE_USER_SCRIPT_SANDBOXING = YES;
				GCC_C_LANGUAGE_STANDARD = gnu17;
				GCC_DYNAMIC_NO_PIC = NO;
				GCC_NO_COMMON_BLOCKS = YES;
				GCC_OPTIMIZATION_LEVEL = 0;
				GCC_PREPROCESSOR_DEFINITIONS = (
					"DEBUG=1",
					"$(inherited)",
				);
				GCC_WARN_64_TO_32_BIT_CONVERSION = YES;
				GCC_WARN_ABOUT_RETURN_TYPE = YES_ERROR;
				GCC_WARN_UNDECLARED_SELECTOR = YES;
				GCC_WARN_UNINITIALIZED_AUTOS = YES_AGGRESSIVE;
				GCC_WARN_UNUSED_FUNCTION = YES;
				GCC_WARN_UNUSED_VARIABLE = YES;
				LOCALIZATION_PREFERS_STRING_CATALOGS = YES;
				MTL_ENABLE_DEBUG_INFO = INCLUDE_SOURCE;
				MTL_FAST_MATH = YES;
				ONLY_ACTIVE_ARCH = YES;
				SWIFT_ACTIVE_COMPILATION_CONDITIONS = "DEBUG $(inherited)";
				SWIFT_OPTIMIZATION_LEVEL = "-Onone";
			};
			name = Debug;
		};
		3491BBC62B7BBA6000FAC84D /* Release */ = {
			isa = XCBuildConfiguration;
			buildSettings = {
				ALWAYS_SEARCH_USER_PATHS = NO;
				ASSETCATALOG_COMPILER_GENERATE_SWIFT_ASSET_SYMBOL_EXTENSIONS = YES;
				CLANG_ANALYZER_NONNULL = YES;
				CLANG_ANALYZER_NUMBER_OBJECT_CONVERSION = YES_AGGRESSIVE;
				CLANG_CXX_LANGUAGE_STANDARD = "gnu++20";
				CLANG_ENABLE_MODULES = YES;
				CLANG_ENABLE_OBJC_ARC = YES;
				CLANG_ENABLE_OBJC_WEAK = YES;
				CLANG_WARN_BLOCK_CAPTURE_AUTORELEASING = YES;
				CLANG_WARN_BOOL_CONVERSION = YES;
				CLANG_WARN_COMMA = YES;
				CLANG_WARN_CONSTANT_CONVERSION = YES;
				CLANG_WARN_DEPRECATED_OBJC_IMPLEMENTATIONS = YES;
				CLANG_WARN_DIRECT_OBJC_ISA_USAGE = YES_ERROR;
				CLANG_WARN_DOCUMENTATION_COMMENTS = YES;
				CLANG_WARN_EMPTY_BODY = YES;
				CLANG_WARN_ENUM_CONVERSION = YES;
				CLANG_WARN_INFINITE_RECURSION = YES;
				CLANG_WARN_INT_CONVERSION = YES;
				CLANG_WARN_NON_LITERAL_NULL_CONVERSION = YES;
				CLANG_WARN_OBJC_IMPLICIT_RETAIN_SELF = YES;
				CLANG_WARN_OBJC_LITERAL_CONVERSION = YES;
				CLANG_WARN_OBJC_ROOT_CLASS = YES_ERROR;
				CLANG_WARN_QUOTED_INCLUDE_IN_FRAMEWORK_HEADER = YES;
				CLANG_WARN_RANGE_LOOP_ANALYSIS = YES;
				CLANG_WARN_STRICT_PROTOTYPES = YES;
				CLANG_WARN_SUSPICIOUS_MOVE = YES;
				CLANG_WARN_UNGUARDED_AVAILABILITY = YES_AGGRESSIVE;
				CLANG_WARN_UNREACHABLE_CODE = YES;
				CLANG_WARN__DUPLICATE_METHOD_MATCH = YES;
				COPY_PHASE_STRIP = NO;
				DEBUG_INFORMATION_FORMAT = "dwarf-with-dsym";
				ENABLE_NS_ASSERTIONS = NO;
				ENABLE_STRICT_OBJC_MSGSEND = YES;
				ENABLE_USER_SCRIPT_SANDBOXING = YES;
				GCC_C_LANGUAGE_STANDARD = gnu17;
				GCC_NO_COMMON_BLOCKS = YES;
				GCC_WARN_64_TO_32_BIT_CONVERSION = YES;
				GCC_WARN_ABOUT_RETURN_TYPE = YES_ERROR;
				GCC_WARN_UNDECLARED_SELECTOR = YES;
				GCC_WARN_UNINITIALIZED_AUTOS = YES_AGGRESSIVE;
				GCC_WARN_UNUSED_FUNCTION = YES;
				GCC_WARN_UNUSED_VARIABLE = YES;
				LOCALIZATION_PREFERS_STRING_CATALOGS = YES;
				MTL_ENABLE_DEBUG_INFO = NO;
				MTL_FAST_MATH = YES;
				SWIFT_COMPILATION_MODE = wholemodule;
			};
			name = Release;
		};
		3491BBC82B7BBA6000FAC84D /* Debug */ = {
			isa = XCBuildConfiguration;
			buildSettings = {
				ASSETCATALOG_COMPILER_APPICON_NAME = AppIcon;
				ASSETCATALOG_COMPILER_GLOBAL_ACCENT_COLOR_NAME = AccentColor;
				CODE_SIGN_ENTITLEMENTS = Sonchv2/Sonchv2.entitlements;
				CODE_SIGN_STYLE = Automatic;
				CURRENT_PROJECT_VERSION = 1;
				DEVELOPMENT_ASSET_PATHS = "\"Sonchv2/Preview Content\"";
				DEVELOPMENT_TEAM = U3CCC9DSJ7;
				ENABLE_HARDENED_RUNTIME = YES;
				ENABLE_PREVIEWS = YES;
				GENERATE_INFOPLIST_FILE = YES;
				"INFOPLIST_KEY_UIApplicationSceneManifest_Generation[sdk=iphoneos*]" = YES;
				"INFOPLIST_KEY_UIApplicationSceneManifest_Generation[sdk=iphonesimulator*]" = YES;
				"INFOPLIST_KEY_UIApplicationSupportsIndirectInputEvents[sdk=iphoneos*]" = YES;
				"INFOPLIST_KEY_UIApplicationSupportsIndirectInputEvents[sdk=iphonesimulator*]" = YES;
				"INFOPLIST_KEY_UILaunchScreen_Generation[sdk=iphoneos*]" = YES;
				"INFOPLIST_KEY_UILaunchScreen_Generation[sdk=iphonesimulator*]" = YES;
				"INFOPLIST_KEY_UIStatusBarStyle[sdk=iphoneos*]" = UIStatusBarStyleDefault;
				"INFOPLIST_KEY_UIStatusBarStyle[sdk=iphonesimulator*]" = UIStatusBarStyleDefault;
				INFOPLIST_KEY_UISupportedInterfaceOrientations_iPad = "UIInterfaceOrientationPortrait UIInterfaceOrientationPortraitUpsideDown UIInterfaceOrientationLandscapeLeft UIInterfaceOrientationLandscapeRight";
				INFOPLIST_KEY_UISupportedInterfaceOrientations_iPhone = "UIInterfaceOrientationPortrait UIInterfaceOrientationLandscapeLeft UIInterfaceOrientationLandscapeRight";
				IPHONEOS_DEPLOYMENT_TARGET = 17.2;
				LD_RUNPATH_SEARCH_PATHS = "@executable_path/Frameworks";
				"LD_RUNPATH_SEARCH_PATHS[sdk=macosx*]" = "@executable_path/../Frameworks";
				MACOSX_DEPLOYMENT_TARGET = 14.2;
				MARKETING_VERSION = 1.0;
				PRODUCT_BUNDLE_IDENTIFIER = com.sonch.Sonchv2;
				PRODUCT_NAME = "$(TARGET_NAME)";
				SDKROOT = auto;
				SUPPORTED_PLATFORMS = "iphoneos iphonesimulator macosx xros xrsimulator";
				SUPPORTS_MACCATALYST = NO;
				SWIFT_EMIT_LOC_STRINGS = YES;
				SWIFT_VERSION = 5.0;
				TARGETED_DEVICE_FAMILY = "1,2,7";
			};
			name = Debug;
		};
		3491BBC92B7BBA6000FAC84D /* Release */ = {
			isa = XCBuildConfiguration;
			buildSettings = {
				ASSETCATALOG_COMPILER_APPICON_NAME = AppIcon;
				ASSETCATALOG_COMPILER_GLOBAL_ACCENT_COLOR_NAME = AccentColor;
				CODE_SIGN_ENTITLEMENTS = Sonchv2/Sonchv2.entitlements;
				CODE_SIGN_STYLE = Automatic;
				CURRENT_PROJECT_VERSION = 1;
				DEVELOPMENT_ASSET_PATHS = "\"Sonchv2/Preview Content\"";
				DEVELOPMENT_TEAM = U3CCC9DSJ7;
				ENABLE_HARDENED_RUNTIME = YES;
				ENABLE_PREVIEWS = YES;
				GENERATE_INFOPLIST_FILE = YES;
				"INFOPLIST_KEY_UIApplicationSceneManifest_Generation[sdk=iphoneos*]" = YES;
				"INFOPLIST_KEY_UIApplicationSceneManifest_Generation[sdk=iphonesimulator*]" = YES;
				"INFOPLIST_KEY_UIApplicationSupportsIndirectInputEvents[sdk=iphoneos*]" = YES;
				"INFOPLIST_KEY_UIApplicationSupportsIndirectInputEvents[sdk=iphonesimulator*]" = YES;
				"INFOPLIST_KEY_UILaunchScreen_Generation[sdk=iphoneos*]" = YES;
				"INFOPLIST_KEY_UILaunchScreen_Generation[sdk=iphonesimulator*]" = YES;
				"INFOPLIST_KEY_UIStatusBarStyle[sdk=iphoneos*]" = UIStatusBarStyleDefault;
				"INFOPLIST_KEY_UIStatusBarStyle[sdk=iphonesimulator*]" = UIStatusBarStyleDefault;
				INFOPLIST_KEY_UISupportedInterfaceOrientations_iPad = "UIInterfaceOrientationPortrait UIInterfaceOrientationPortraitUpsideDown UIInterfaceOrientationLandscapeLeft UIInterfaceOrientationLandscapeRight";
				INFOPLIST_KEY_UISupportedInterfaceOrientations_iPhone = "UIInterfaceOrientationPortrait UIInterfaceOrientationLandscapeLeft UIInterfaceOrientationLandscapeRight";
				IPHONEOS_DEPLOYMENT_TARGET = 17.2;
				LD_RUNPATH_SEARCH_PATHS = "@executable_path/Frameworks";
				"LD_RUNPATH_SEARCH_PATHS[sdk=macosx*]" = "@executable_path/../Frameworks";
				MACOSX_DEPLOYMENT_TARGET = 14.2;
				MARKETING_VERSION = 1.0;
				PRODUCT_BUNDLE_IDENTIFIER = com.sonch.Sonchv2;
				PRODUCT_NAME = "$(TARGET_NAME)";
				SDKROOT = auto;
				SUPPORTED_PLATFORMS = "iphoneos iphonesimulator macosx xros xrsimulator";
				SUPPORTS_MACCATALYST = NO;
				SWIFT_EMIT_LOC_STRINGS = YES;
				SWIFT_VERSION = 5.0;
				TARGETED_DEVICE_FAMILY = "1,2,7";
			};
			name = Release;
		};
		3491BBCB2B7BBA6000FAC84D /* Debug */ = {
			isa = XCBuildConfiguration;
			buildSettings = {
				ALWAYS_EMBED_SWIFT_STANDARD_LIBRARIES = YES;
				BUNDLE_LOADER = "$(TEST_HOST)";
				CODE_SIGN_STYLE = Automatic;
				CURRENT_PROJECT_VERSION = 1;
				DEVELOPMENT_TEAM = U3CCC9DSJ7;
				GENERATE_INFOPLIST_FILE = YES;
				IPHONEOS_DEPLOYMENT_TARGET = 17.2;
				MACOSX_DEPLOYMENT_TARGET = 14.2;
				MARKETING_VERSION = 1.0;
				PRODUCT_BUNDLE_IDENTIFIER = com.sonch.Sonchv2Tests;
				PRODUCT_NAME = "$(TARGET_NAME)";
				SDKROOT = auto;
				SUPPORTED_PLATFORMS = "iphoneos iphonesimulator macosx";
				SWIFT_EMIT_LOC_STRINGS = NO;
				SWIFT_VERSION = 5.0;
				TARGETED_DEVICE_FAMILY = "1,2";
				TEST_HOST = "$(BUILT_PRODUCTS_DIR)/Sonchv2.app/$(BUNDLE_EXECUTABLE_FOLDER_PATH)/Sonchv2";
			};
			name = Debug;
		};
		3491BBCC2B7BBA6000FAC84D /* Release */ = {
			isa = XCBuildConfiguration;
			buildSettings = {
				ALWAYS_EMBED_SWIFT_STANDARD_LIBRARIES = YES;
				BUNDLE_LOADER = "$(TEST_HOST)";
				CODE_SIGN_STYLE = Automatic;
				CURRENT_PROJECT_VERSION = 1;
				DEVELOPMENT_TEAM = U3CCC9DSJ7;
				GENERATE_INFOPLIST_FILE = YES;
				IPHONEOS_DEPLOYMENT_TARGET = 17.2;
				MACOSX_DEPLOYMENT_TARGET = 14.2;
				MARKETING_VERSION = 1.0;
				PRODUCT_BUNDLE_IDENTIFIER = com.sonch.Sonchv2Tests;
				PRODUCT_NAME = "$(TARGET_NAME)";
				SDKROOT = auto;
				SUPPORTED_PLATFORMS = "iphoneos iphonesimulator macosx";
				SWIFT_EMIT_LOC_STRINGS = NO;
				SWIFT_VERSION = 5.0;
				TARGETED_DEVICE_FAMILY = "1,2";
				TEST_HOST = "$(BUILT_PRODUCTS_DIR)/Sonchv2.app/$(BUNDLE_EXECUTABLE_FOLDER_PATH)/Sonchv2";
			};
			name = Release;
		};
		3491BBCE2B7BBA6000FAC84D /* Debug */ = {
			isa = XCBuildConfiguration;
			buildSettings = {
				ALWAYS_EMBED_SWIFT_STANDARD_LIBRARIES = YES;
				CODE_SIGN_STYLE = Automatic;
				CURRENT_PROJECT_VERSION = 1;
				DEVELOPMENT_TEAM = U3CCC9DSJ7;
				GENERATE_INFOPLIST_FILE = YES;
				IPHONEOS_DEPLOYMENT_TARGET = 17.2;
				MACOSX_DEPLOYMENT_TARGET = 14.2;
				MARKETING_VERSION = 1.0;
				PRODUCT_BUNDLE_IDENTIFIER = com.sonch.Sonchv2UITests;
				PRODUCT_NAME = "$(TARGET_NAME)";
				SDKROOT = auto;
				SUPPORTED_PLATFORMS = "iphoneos iphonesimulator macosx";
				SWIFT_EMIT_LOC_STRINGS = NO;
				SWIFT_VERSION = 5.0;
				TARGETED_DEVICE_FAMILY = "1,2";
				TEST_TARGET_NAME = Sonchv2;
			};
			name = Debug;
		};
		3491BBCF2B7BBA6000FAC84D /* Release */ = {
			isa = XCBuildConfiguration;
			buildSettings = {
				ALWAYS_EMBED_SWIFT_STANDARD_LIBRARIES = YES;
				CODE_SIGN_STYLE = Automatic;
				CURRENT_PROJECT_VERSION = 1;
				DEVELOPMENT_TEAM = U3CCC9DSJ7;
				GENERATE_INFOPLIST_FILE = YES;
				IPHONEOS_DEPLOYMENT_TARGET = 17.2;
				MACOSX_DEPLOYMENT_TARGET = 14.2;
				MARKETING_VERSION = 1.0;
				PRODUCT_BUNDLE_IDENTIFIER = com.sonch.Sonchv2UITests;
				PRODUCT_NAME = "$(TARGET_NAME)";
				SDKROOT = auto;
				SUPPORTED_PLATFORMS = "iphoneos iphonesimulator macosx";
				SWIFT_EMIT_LOC_STRINGS = NO;
				SWIFT_VERSION = 5.0;
				TARGETED_DEVICE_FAMILY = "1,2";
				TEST_TARGET_NAME = Sonchv2;
			};
			name = Release;
		};
/* End XCBuildConfiguration section */

/* Begin XCConfigurationList section */
		3491BB9D2B7BBA5E00FAC84D /* Build configuration list for PBXProject "Sonchv2" */ = {
			isa = XCConfigurationList;
			buildConfigurations = (
				3491BBC52B7BBA6000FAC84D /* Debug */,
				3491BBC62B7BBA6000FAC84D /* Release */,
			);
			defaultConfigurationIsVisible = 0;
			defaultConfigurationName = Release;
		};
		3491BBC72B7BBA6000FAC84D /* Build configuration list for PBXNativeTarget "Sonchv2" */ = {
			isa = XCConfigurationList;
			buildConfigurations = (
				3491BBC82B7BBA6000FAC84D /* Debug */,
				3491BBC92B7BBA6000FAC84D /* Release */,
			);
			defaultConfigurationIsVisible = 0;
			defaultConfigurationName = Release;
		};
		3491BBCA2B7BBA6000FAC84D /* Build configuration list for PBXNativeTarget "Sonchv2Tests" */ = {
			isa = XCConfigurationList;
			buildConfigurations = (
				3491BBCB2B7BBA6000FAC84D /* Debug */,
				3491BBCC2B7BBA6000FAC84D /* Release */,
			);
			defaultConfigurationIsVisible = 0;
			defaultConfigurationName = Release;
		};
		3491BBCD2B7BBA6000FAC84D /* Build configuration list for PBXNativeTarget "Sonchv2UITests" */ = {
			isa = XCConfigurationList;
			buildConfigurations = (
				3491BBCE2B7BBA6000FAC84D /* Debug */,
				3491BBCF2B7BBA6000FAC84D /* Release */,
			);
			defaultConfigurationIsVisible = 0;
			defaultConfigurationName = Release;
		};
/* End XCConfigurationList section */

/* Begin XCRemoteSwiftPackageReference section */
		3407D0542B7C8B9900E9FF63 /* XCRemoteSwiftPackageReference "Alamofire" */ = {
			isa = XCRemoteSwiftPackageReference;
			repositoryURL = "https://github.com/Alamofire/Alamofire";
			requirement = {
				kind = upToNextMajorVersion;
				minimumVersion = 5.8.1;
			};
		};
		3491BBD02B7BBB4400FAC84D /* XCRemoteSwiftPackageReference "Inject" */ = {
			isa = XCRemoteSwiftPackageReference;
			repositoryURL = "https://github.com/krzysztofzablocki/Inject.git";
			requirement = {
				kind = upToNextMajorVersion;
				minimumVersion = 1.3.0;
			};
		};
/* End XCRemoteSwiftPackageReference section */

/* Begin XCSwiftPackageProductDependency section */
		3407D0552B7C8B9900E9FF63 /* Alamofire */ = {
			isa = XCSwiftPackageProductDependency;
			package = 3407D0542B7C8B9900E9FF63 /* XCRemoteSwiftPackageReference "Alamofire" */;
			productName = Alamofire;
		};
		3491BBD12B7BBB4500FAC84D /* Inject */ = {
			isa = XCSwiftPackageProductDependency;
			package = 3491BBD02B7BBB4400FAC84D /* XCRemoteSwiftPackageReference "Inject" */;
			productName = Inject;
		};
/* End XCSwiftPackageProductDependency section */
	};
	rootObject = 3491BB9A2B7BBA5E00FAC84D /* Project object */;
}
